
Microsoft Visual Studio Solution File, Format Version 12.00
# Visual Studio Version 16
VisualStudioVersion = 16.0.29209.62
MinimumVisualStudioVersion = 10.0.40219.1
Project("{FAE04EC0-301F-11D3-BF4B-00C04F79EFBC}") = "VirtoCommerce.JavaScriptShoppingCart.Web", "VirtoCommerce.JavaScriptShoppingCart.Web\VirtoCommerce.JavaScriptShoppingCart.Web.csproj", "{490D4B55-6462-4AAA-A27D-3CD76879C2B7}"
EndProject
Project("{FAE04EC0-301F-11D3-BF4B-00C04F79EFBC}") = "VirtoCommerce.JavaScriptShoppingCart.Test", "VirtoCommerce.JavaScriptShoppingCart.Test\VirtoCommerce.JavaScriptShoppingCart.Test.csproj", "{0A694BAF-D8A5-4271-A23D-54F214EBB7D6}"
EndProject
Project("{FAE04EC0-301F-11D3-BF4B-00C04F79EFBC}") = "VirtoCommerce.JavaScriptShoppingCart.Core", "VirtoCommerce.JavaScriptShoppingCart.Model\VirtoCommerce.JavaScriptShoppingCart.Core.csproj", "{E4A2D0D0-E453-466E-80EF-24C7967C8044}"
EndProject
Project("{FAE04EC0-301F-11D3-BF4B-00C04F79EFBC}") = "VirtoCommerce.JavaScriptShoppingCart.Data", "VirtoCommerce.JavaScriptShoppingCart.Data\VirtoCommerce.JavaScriptShoppingCart.Data.csproj", "{A27D3D81-A31A-4C39-BE9B-3BFAE32BD7EA}"
EndProject
Project("{FAE04EC0-301F-11D3-BF4B-00C04F79EFBC}") = "VirtoCommerce.JavaScriptShoppingCart.Crawling", "VirtoCommerce.JavaScriptShoppingCart.Crawling\VirtoCommerce.JavaScriptShoppingCart.Crawling.csproj", "{2DE4E44E-61DC-4AF8-83A2-68D92EAD77AD}"
EndProject
Project("{FAE04EC0-301F-11D3-BF4B-00C04F79EFBC}") = "VirtoCommerce.JavaScriptShoppingCart.TesingTool", "VirtoCommerce.JavaScriptShoppingCart.TesingTool\VirtoCommerce.JavaScriptShoppingCart.TesingTool.csproj", "{3AAE9597-0EE6-4998-82B8-3DFA5A89A4AD}"
EndProject
Global
	GlobalSection(SolutionConfigurationPlatforms) = preSolution
		Debug|Any CPU = Debug|Any CPU
		Release|Any CPU = Release|Any CPU
	EndGlobalSection
	GlobalSection(ProjectConfigurationPlatforms) = postSolution
		{490D4B55-6462-4AAA-A27D-3CD76879C2B7}.Debug|Any CPU.ActiveCfg = Debug|Any CPU
		{490D4B55-6462-4AAA-A27D-3CD76879C2B7}.Debug|Any CPU.Build.0 = Debug|Any CPU
		{490D4B55-6462-4AAA-A27D-3CD76879C2B7}.Release|Any CPU.ActiveCfg = Release|Any CPU
		{490D4B55-6462-4AAA-A27D-3CD76879C2B7}.Release|Any CPU.Build.0 = Release|Any CPU
		{0A694BAF-D8A5-4271-A23D-54F214EBB7D6}.Debug|Any CPU.ActiveCfg = Debug|Any CPU
		{0A694BAF-D8A5-4271-A23D-54F214EBB7D6}.Debug|Any CPU.Build.0 = Debug|Any CPU
		{0A694BAF-D8A5-4271-A23D-54F214EBB7D6}.Release|Any CPU.ActiveCfg = Release|Any CPU
		{0A694BAF-D8A5-4271-A23D-54F214EBB7D6}.Release|Any CPU.Build.0 = Release|Any CPU
		{E4A2D0D0-E453-466E-80EF-24C7967C8044}.Debug|Any CPU.ActiveCfg = Debug|Any CPU
		{E4A2D0D0-E453-466E-80EF-24C7967C8044}.Debug|Any CPU.Build.0 = Debug|Any CPU
		{E4A2D0D0-E453-466E-80EF-24C7967C8044}.Release|Any CPU.ActiveCfg = Release|Any CPU
		{E4A2D0D0-E453-466E-80EF-24C7967C8044}.Release|Any CPU.Build.0 = Release|Any CPU
		{A27D3D81-A31A-4C39-BE9B-3BFAE32BD7EA}.Debug|Any CPU.ActiveCfg = Debug|Any CPU
		{A27D3D81-A31A-4C39-BE9B-3BFAE32BD7EA}.Debug|Any CPU.Build.0 = Debug|Any CPU
		{A27D3D81-A31A-4C39-BE9B-3BFAE32BD7EA}.Release|Any CPU.ActiveCfg = Release|Any CPU
		{A27D3D81-A31A-4C39-BE9B-3BFAE32BD7EA}.Release|Any CPU.Build.0 = Release|Any CPU
		{2DE4E44E-61DC-4AF8-83A2-68D92EAD77AD}.Debug|Any CPU.ActiveCfg = Debug|Any CPU
		{2DE4E44E-61DC-4AF8-83A2-68D92EAD77AD}.Debug|Any CPU.Build.0 = Debug|Any CPU
		{2DE4E44E-61DC-4AF8-83A2-68D92EAD77AD}.Release|Any CPU.ActiveCfg = Release|Any CPU
		{2DE4E44E-61DC-4AF8-83A2-68D92EAD77AD}.Release|Any CPU.Build.0 = Release|Any CPU
		{3AAE9597-0EE6-4998-82B8-3DFA5A89A4AD}.Debug|Any CPU.ActiveCfg = Debug|Any CPU
		{3AAE9597-0EE6-4998-82B8-3DFA5A89A4AD}.Debug|Any CPU.Build.0 = Debug|Any CPU
		{3AAE9597-0EE6-4998-82B8-3DFA5A89A4AD}.Release|Any CPU.ActiveCfg = Release|Any CPU
		{3AAE9597-0EE6-4998-82B8-3DFA5A89A4AD}.Release|Any CPU.Build.0 = Release|Any CPU
	EndGlobalSection
	GlobalSection(SolutionProperties) = preSolution
		HideSolutionNode = FALSE
	EndGlobalSection
	GlobalSection(ExtensibilityGlobals) = postSolution
		SolutionGuid = {5633B2FB-1765-476D-A233-2477B54C65D5}
	EndGlobalSection
EndGlobal
